
Microsoft Visual Studio Solution File, Format Version 11.00
# Visual Studio 2010
Project("{8BC9CEB8-8B4A-11D0-8D11-00A0C91BC942}") = "amany", "amany\amany.vcxproj", "{B0873EF4-BF74-4372-8EC5-21C61591A0C7}"
EndProject
Global
	GlobalSection(SolutionConfigurationPlatforms) = preSolution
		Debug|Win32 = Debug|Win32
		Release|Win32 = Release|Win32
	EndGlobalSection
	GlobalSection(ProjectConfigurationPlatforms) = postSolution
		{B0873EF4-BF74-4372-8EC5-21C61591A0C7}.Debug|Win32.ActiveCfg = Debug|Win32
		{B0873EF4-BF74-4372-8EC5-21C61591A0C7}.Debug|Win32.Build.0 = Debug|Win32
		{B0873EF4-BF74-4372-8EC5-21C61591A0C7}.Release|Win32.ActiveCfg = Release|Win32
		{B0873EF4-BF74-4372-8EC5-21C61591A0C7}.Release|Win32.Build.0 = Release|Win32
	EndGlobalSection
	GlobalSection(SolutionProperties) = preSolution
		HideSolutionNode = FALSE
	EndGlobalSection
EndGlobal
